
Microsoft Visual Studio Solution File, Format Version 11.00
# Visual Studio 2010
Project("{FAE04EC0-301F-11D3-BF4B-00C04F79EFBC}") = "Assembly-CSharp", "Assembly-CSharp.csproj", "{74B72EB0-07BF-6EE9-7FD9-4C5E788E3262}"
EndProject
Project("{FAE04EC0-301F-11D3-BF4B-00C04F79EFBC}") = "Assembly-CSharp-Editor", "Assembly-CSharp-Editor.csproj", "{B597FD14-F589-2FCD-1C25-7EA2E5E620C1}"
EndProject
Global
	GlobalSection(SolutionConfigurationPlatforms) = preSolution
		Debug|Any CPU = Debug|Any CPU
		Release|Any CPU = Release|Any CPU
	EndGlobalSection
	GlobalSection(ProjectConfigurationPlatforms) = postSolution
		{74B72EB0-07BF-6EE9-7FD9-4C5E788E3262}.Debug|Any CPU.ActiveCfg = Debug|Any CPU
		{74B72EB0-07BF-6EE9-7FD9-4C5E788E3262}.Debug|Any CPU.Build.0 = Debug|Any CPU
		{74B72EB0-07BF-6EE9-7FD9-4C5E788E3262}.Release|Any CPU.ActiveCfg = Release|Any CPU
		{74B72EB0-07BF-6EE9-7FD9-4C5E788E3262}.Release|Any CPU.Build.0 = Release|Any CPU
		{B597FD14-F589-2FCD-1C25-7EA2E5E620C1}.Debug|Any CPU.ActiveCfg = Debug|Any CPU
		{B597FD14-F589-2FCD-1C25-7EA2E5E620C1}.Debug|Any CPU.Build.0 = Debug|Any CPU
		{B597FD14-F589-2FCD-1C25-7EA2E5E620C1}.Release|Any CPU.ActiveCfg = Release|Any CPU
		{B597FD14-F589-2FCD-1C25-7EA2E5E620C1}.Release|Any CPU.Build.0 = Release|Any CPU
	EndGlobalSection
	GlobalSection(SolutionProperties) = preSolution
		HideSolutionNode = FALSE
	EndGlobalSection
EndGlobal
